
Microsoft Visual Studio Solution File, Format Version 12.00
# Visual Studio Version 17
VisualStudioVersion = 17.5.33402.96
MinimumVisualStudioVersion = 10.0.40219.1
Project("{2150E333-8FDC-42A3-9474-1A3956D46DE8}") = "src", "src", "{2CD24588-A9D0-4F80-BD39-9D7FB3B364D1}"
EndProject
Project("{2150E333-8FDC-42A3-9474-1A3956D46DE8}") = "Solution Items", "Solution Items", "{4AECA488-8B22-4B91-A48A-3BDCFDF29519}"
	ProjectSection(SolutionItems) = preProject
		.gitignore = .gitignore
		Directory.Build.props = Directory.Build.props
		.editorconfig = .editorconfig
	EndProjectSection
EndProject
Project("{FAE04EC0-301F-11D3-BF4B-00C04F79EFBC}") = "FisTech.Persistence.AzureTable", "src\FisTech.Persistence.AzureTable\FisTech.Persistence.AzureTable.csproj", "{9D958425-3C09-452E-9FF5-9F3B9272707E}"
EndProject
Global
	GlobalSection(SolutionConfigurationPlatforms) = preSolution
		Debug|Any CPU = Debug|Any CPU
		Release|Any CPU = Release|Any CPU
	EndGlobalSection
	GlobalSection(SolutionProperties) = preSolution
		HideSolutionNode = FALSE
	EndGlobalSection
	GlobalSection(ExtensibilityGlobals) = postSolution
		SolutionGuid = {2D568D33-C631-412B-9DAE-7CB02ABCA1AC}
	EndGlobalSection
	GlobalSection(NestedProjects) = preSolution
		{9D958425-3C09-452E-9FF5-9F3B9272707E} = {2CD24588-A9D0-4F80-BD39-9D7FB3B364D1}
	EndGlobalSection
	GlobalSection(ProjectConfigurationPlatforms) = postSolution
		{9D958425-3C09-452E-9FF5-9F3B9272707E}.Debug|Any CPU.ActiveCfg = Debug|Any CPU
		{9D958425-3C09-452E-9FF5-9F3B9272707E}.Debug|Any CPU.Build.0 = Debug|Any CPU
		{9D958425-3C09-452E-9FF5-9F3B9272707E}.Release|Any CPU.ActiveCfg = Release|Any CPU
		{9D958425-3C09-452E-9FF5-9F3B9272707E}.Release|Any CPU.Build.0 = Release|Any CPU
	EndGlobalSection
EndGlobal
